
Microsoft Visual Studio Solution File, Format Version 12.00
# Visual Studio Version 17
VisualStudioVersion = 17.0.31903.59
MinimumVisualStudioVersion = 10.0.40219.1
Project("{2150E333-8FDC-42A3-9474-1A3956D46DE8}") = "src", "src", "{827E0CD3-B72D-47B6-A68D-7590B98EB39B}"
EndProject
Project("{FAE04EC0-301F-11D3-BF4B-00C04F79EFBC}") = "Medinbox.Domain", "src\Medinbox.Domain\Medinbox.Domain.csproj", "{3CE0DA66-AECD-40B0-B83C-5B7960011C00}"
EndProject
Project("{FAE04EC0-301F-11D3-BF4B-00C04F79EFBC}") = "Medinbox.Application", "src\Medinbox.Application\Medinbox.Application.csproj", "{0AA28681-EA9F-4831-A7A9-62BB88348590}"
EndProject
Project("{FAE04EC0-301F-11D3-BF4B-00C04F79EFBC}") = "Medinbox.Infrastructure", "src\Medinbox.Infrastructure\Medinbox.Infrastructure.csproj", "{DA449834-11A6-40E7-ABE3-ED228340C7C2}"
EndProject
Project("{FAE04EC0-301F-11D3-BF4B-00C04F79EFBC}") = "Medinbox.WebAPI", "src\Medinbox.WebAPI\Medinbox.WebAPI.csproj", "{B522F2CD-E1FB-4ED1-BD2B-CE77BCE94CC5}"
EndProject
Project("{2150E333-8FDC-42A3-9474-1A3956D46DE8}") = "Éléments de solution", "Éléments de solution", "{9C8CB701-102D-CF49-A3E0-89AC09D42C2C}"
EndProject
Global
	GlobalSection(SolutionConfigurationPlatforms) = preSolution
		Debug|Any CPU = Debug|Any CPU
		Debug|x64 = Debug|x64
		Debug|x86 = Debug|x86
		Release|Any CPU = Release|Any CPU
		Release|x64 = Release|x64
		Release|x86 = Release|x86
	EndGlobalSection
	GlobalSection(ProjectConfigurationPlatforms) = postSolution
		{3CE0DA66-AECD-40B0-B83C-5B7960011C00}.Debug|Any CPU.ActiveCfg = Debug|Any CPU
		{3CE0DA66-AECD-40B0-B83C-5B7960011C00}.Debug|Any CPU.Build.0 = Debug|Any CPU
		{3CE0DA66-AECD-40B0-B83C-5B7960011C00}.Debug|x64.ActiveCfg = Debug|Any CPU
		{3CE0DA66-AECD-40B0-B83C-5B7960011C00}.Debug|x64.Build.0 = Debug|Any CPU
		{3CE0DA66-AECD-40B0-B83C-5B7960011C00}.Debug|x86.ActiveCfg = Debug|Any CPU
		{3CE0DA66-AECD-40B0-B83C-5B7960011C00}.Debug|x86.Build.0 = Debug|Any CPU
		{3CE0DA66-AECD-40B0-B83C-5B7960011C00}.Release|Any CPU.ActiveCfg = Release|Any CPU
		{3CE0DA66-AECD-40B0-B83C-5B7960011C00}.Release|Any CPU.Build.0 = Release|Any CPU
		{3CE0DA66-AECD-40B0-B83C-5B7960011C00}.Release|x64.ActiveCfg = Release|Any CPU
		{3CE0DA66-AECD-40B0-B83C-5B7960011C00}.Release|x64.Build.0 = Release|Any CPU
		{3CE0DA66-AECD-40B0-B83C-5B7960011C00}.Release|x86.ActiveCfg = Release|Any CPU
		{3CE0DA66-AECD-40B0-B83C-5B7960011C00}.Release|x86.Build.0 = Release|Any CPU
		{0AA28681-EA9F-4831-A7A9-62BB88348590}.Debug|Any CPU.ActiveCfg = Debug|Any CPU
		{0AA28681-EA9F-4831-A7A9-62BB88348590}.Debug|Any CPU.Build.0 = Debug|Any CPU
		{0AA28681-EA9F-4831-A7A9-62BB88348590}.Debug|x64.ActiveCfg = Debug|Any CPU
		{0AA28681-EA9F-4831-A7A9-62BB88348590}.Debug|x64.Build.0 = Debug|Any CPU
		{0AA28681-EA9F-4831-A7A9-62BB88348590}.Debug|x86.ActiveCfg = Debug|Any CPU
		{0AA28681-EA9F-4831-A7A9-62BB88348590}.Debug|x86.Build.0 = Debug|Any CPU
		{0AA28681-EA9F-4831-A7A9-62BB88348590}.Release|Any CPU.ActiveCfg = Release|Any CPU
		{0AA28681-EA9F-4831-A7A9-62BB88348590}.Release|Any CPU.Build.0 = Release|Any CPU
		{0AA28681-EA9F-4831-A7A9-62BB88348590}.Release|x64.ActiveCfg = Release|Any CPU
		{0AA28681-EA9F-4831-A7A9-62BB88348590}.Release|x64.Build.0 = Release|Any CPU
		{0AA28681-EA9F-4831-A7A9-62BB88348590}.Release|x86.ActiveCfg = Release|Any CPU
		{0AA28681-EA9F-4831-A7A9-62BB88348590}.Release|x86.Build.0 = Release|Any CPU
		{DA449834-11A6-40E7-ABE3-ED228340C7C2}.Debug|Any CPU.ActiveCfg = Debug|Any CPU
		{DA449834-11A6-40E7-ABE3-ED228340C7C2}.Debug|Any CPU.Build.0 = Debug|Any CPU
		{DA449834-11A6-40E7-ABE3-ED228340C7C2}.Debug|x64.ActiveCfg = Debug|Any CPU
		{DA449834-11A6-40E7-ABE3-ED228340C7C2}.Debug|x64.Build.0 = Debug|Any CPU
		{DA449834-11A6-40E7-ABE3-ED228340C7C2}.Debug|x86.ActiveCfg = Debug|Any CPU
		{DA449834-11A6-40E7-ABE3-ED228340C7C2}.Debug|x86.Build.0 = Debug|Any CPU
		{DA449834-11A6-40E7-ABE3-ED228340C7C2}.Release|Any CPU.ActiveCfg = Release|Any CPU
		{DA449834-11A6-40E7-ABE3-ED228340C7C2}.Release|Any CPU.Build.0 = Release|Any CPU
		{DA449834-11A6-40E7-ABE3-ED228340C7C2}.Release|x64.ActiveCfg = Release|Any CPU
		{DA449834-11A6-40E7-ABE3-ED228340C7C2}.Release|x64.Build.0 = Release|Any CPU
		{DA449834-11A6-40E7-ABE3-ED228340C7C2}.Release|x86.ActiveCfg = Release|Any CPU
		{DA449834-11A6-40E7-ABE3-ED228340C7C2}.Release|x86.Build.0 = Release|Any CPU
		{B522F2CD-E1FB-4ED1-BD2B-CE77BCE94CC5}.Debug|Any CPU.ActiveCfg = Debug|Any CPU
		{B522F2CD-E1FB-4ED1-BD2B-CE77BCE94CC5}.Debug|Any CPU.Build.0 = Debug|Any CPU
		{B522F2CD-E1FB-4ED1-BD2B-CE77BCE94CC5}.Debug|x64.ActiveCfg = Debug|Any CPU
		{B522F2CD-E1FB-4ED1-BD2B-CE77BCE94CC5}.Debug|x64.Build.0 = Debug|Any CPU
		{B522F2CD-E1FB-4ED1-BD2B-CE77BCE94CC5}.Debug|x86.ActiveCfg = Debug|Any CPU
		{B522F2CD-E1FB-4ED1-BD2B-CE77BCE94CC5}.Debug|x86.Build.0 = Debug|Any CPU
		{B522F2CD-E1FB-4ED1-BD2B-CE77BCE94CC5}.Release|Any CPU.ActiveCfg = Release|Any CPU
		{B522F2CD-E1FB-4ED1-BD2B-CE77BCE94CC5}.Release|Any CPU.Build.0 = Release|Any CPU
		{B522F2CD-E1FB-4ED1-BD2B-CE77BCE94CC5}.Release|x64.ActiveCfg = Release|Any CPU
		{B522F2CD-E1FB-4ED1-BD2B-CE77BCE94CC5}.Release|x64.Build.0 = Release|Any CPU
		{B522F2CD-E1FB-4ED1-BD2B-CE77BCE94CC5}.Release|x86.ActiveCfg = Release|Any CPU
		{B522F2CD-E1FB-4ED1-BD2B-CE77BCE94CC5}.Release|x86.Build.0 = Release|Any CPU
	EndGlobalSection
	GlobalSection(SolutionProperties) = preSolution
		HideSolutionNode = FALSE
	EndGlobalSection
	GlobalSection(NestedProjects) = preSolution
		{3CE0DA66-AECD-40B0-B83C-5B7960011C00} = {827E0CD3-B72D-47B6-A68D-7590B98EB39B}
		{0AA28681-EA9F-4831-A7A9-62BB88348590} = {827E0CD3-B72D-47B6-A68D-7590B98EB39B}
		{DA449834-11A6-40E7-ABE3-ED228340C7C2} = {827E0CD3-B72D-47B6-A68D-7590B98EB39B}
		{B522F2CD-E1FB-4ED1-BD2B-CE77BCE94CC5} = {827E0CD3-B72D-47B6-A68D-7590B98EB39B}
	EndGlobalSection
	GlobalSection(ExtensibilityGlobals) = postSolution
		SolutionGuid = {442E31D7-87A9-41C9-8A9F-E24D8F07E206}
	EndGlobalSection
EndGlobal
